
Microsoft Visual Studio Solution File, Format Version 12.00
# Visual Studio Version 17
VisualStudioVersion = 17.3.32922.545
MinimumVisualStudioVersion = 10.0.40219.1
Project("{8BC9CEB8-8B4A-11D0-8D11-00A0C91BC942}") = "bubble_sort", "bubble_sort.vcxproj", "{1F77736F-E005-41E1-8082-05C6E2B237B0}"
EndProject
Global
	GlobalSection(SolutionConfigurationPlatforms) = preSolution
		Debug|x64 = Debug|x64
		Debug|x86 = Debug|x86
		Release|x64 = Release|x64
		Release|x86 = Release|x86
	EndGlobalSection
	GlobalSection(ProjectConfigurationPlatforms) = postSolution
		{1F77736F-E005-41E1-8082-05C6E2B237B0}.Debug|x64.ActiveCfg = Debug|x64
		{1F77736F-E005-41E1-8082-05C6E2B237B0}.Debug|x64.Build.0 = Debug|x64
		{1F77736F-E005-41E1-8082-05C6E2B237B0}.Debug|x86.ActiveCfg = Debug|Win32
		{1F77736F-E005-41E1-8082-05C6E2B237B0}.Debug|x86.Build.0 = Debug|Win32
		{1F77736F-E005-41E1-8082-05C6E2B237B0}.Release|x64.ActiveCfg = Release|x64
		{1F77736F-E005-41E1-8082-05C6E2B237B0}.Release|x64.Build.0 = Release|x64
		{1F77736F-E005-41E1-8082-05C6E2B237B0}.Release|x86.ActiveCfg = Release|Win32
		{1F77736F-E005-41E1-8082-05C6E2B237B0}.Release|x86.Build.0 = Release|Win32
	EndGlobalSection
	GlobalSection(SolutionProperties) = preSolution
		HideSolutionNode = FALSE
	EndGlobalSection
	GlobalSection(ExtensibilityGlobals) = postSolution
		SolutionGuid = {AF972C0E-EFCB-4679-B23D-03AAED47046A}
	EndGlobalSection
EndGlobal
